
Microsoft Visual Studio Solution File, Format Version 12.00
# Visual Studio 15
Project("{FAE04EC0-301F-11D3-BF4B-00C04F79EFBC}") = "Webapp1", "Webapp1\Webapp1.csproj", "{826D2876-8FDD-4F2D-A159-181F1067E660}"
EndProject
Global
	GlobalSection(SolutionConfigurationPlatforms) = preSolution
		Debug|Any CPU = Debug|Any CPU
		Release|Any CPU = Release|Any CPU
	EndGlobalSection
	GlobalSection(ProjectConfigurationPlatforms) = postSolution
		{826D2876-8FDD-4F2D-A159-181F1067E660}.Debug|Any CPU.ActiveCfg = Debug|Any CPU
		{826D2876-8FDD-4F2D-A159-181F1067E660}.Debug|Any CPU.Build.0 = Debug|Any CPU
		{826D2876-8FDD-4F2D-A159-181F1067E660}.Release|Any CPU.ActiveCfg = Release|Any CPU
		{826D2876-8FDD-4F2D-A159-181F1067E660}.Release|Any CPU.Build.0 = Release|Any CPU
	EndGlobalSection
EndGlobal
